{
  "name": "metriq",
  "version": "0.1.0",
  "lockfileVersion": 3,
  "requires": true,
  "packages": {
    "": {
      "name": "metriq",
      "version": "0.1.0",
      "license": "MIT",
      "workspaces": [
        "packages/*"
      ],
      "bin": {
        "metriq": "bin/tokenpilot.js"
      },
      "engines": {
        "node": ">=18"
      }
    },
    "node_modules/@metriq/core": {
      "resolved": "packages/core",
      "link": true
    },
    "packages/core": {
      "name": "@metriq/core",
      "version": "0.1.0",
      "license": "MIT"
    }
  }
}
